// !$*UTF8*$!
{
	archiveVersion = 1;
	classes = {
	};
	objectVersion = 52;
	objects = {

/* Begin PBXBuildFile section */
		A1C47553261D73E3004BC389 /* AppDelegate.swift in Sources */ = {isa = PBXBuildFile; fileRef = A1C47552261D73E3004BC389 /* AppDelegate.swift */; };
		A1C47555261D73E3004BC389 /* SceneDelegate.swift in Sources */ = {isa = PBXBuildFile; fileRef = A1C47554261D73E3004BC389 /* SceneDelegate.swift */; };
		A1C47557261D73E3004BC389 /* ViewController.swift in Sources */ = {isa = PBXBuildFile; fileRef = A1C47556261D73E3004BC389 /* ViewController.swift */; };
		A1C4755A261D73E3004BC389 /* Main.storyboard in Resources */ = {isa = PBXBuildFile; fileRef = A1C47558261D73E3004BC389 /* Main.storyboard */; };
		A1C4755C261D73E5004BC389 /* Assets.xcassets in Resources */ = {isa = PBXBuildFile; fileRef = A1C4755B261D73E5004BC389 /* Assets.xcassets */; };
		A1C4755F261D73E5004BC389 /* LaunchScreen.storyboard in Resources */ = {isa = PBXBuildFile; fileRef = A1C4755D261D73E5004BC389 /* LaunchScreen.storyboard */; };
		A1C47569261D742D004BC389 /* YumemiWeather in Frameworks */ = {isa = PBXBuildFile; productRef = A1C47568261D742D004BC389 /* YumemiWeather */; };
		A1C4756E261D7D8F004BC389 /* Weather.swift in Sources */ = {isa = PBXBuildFile; fileRef = A1C4756D261D7D8F004BC389 /* Weather.swift */; };
		A1DC6D79261D871D00EC34E0 /* FetchWeatherError.swift in Sources */ = {isa = PBXBuildFile; fileRef = A1DC6D78261D871D00EC34E0 /* FetchWeatherError.swift */; };
/* End PBXBuildFile section */

/* Begin PBXFileReference section */
		A1C4754F261D73E3004BC389 /* yumemi_iOS_kensyu.app */ = {isa = PBXFileReference; explicitFileType = wrapper.application; includeInIndex = 0; path = yumemi_iOS_kensyu.app; sourceTree = BUILT_PRODUCTS_DIR; };
		A1C47552261D73E3004BC389 /* AppDelegate.swift */ = {isa = PBXFileReference; lastKnownFileType = sourcecode.swift; path = AppDelegate.swift; sourceTree = "<group>"; };
		A1C47554261D73E3004BC389 /* SceneDelegate.swift */ = {isa = PBXFileReference; lastKnownFileType = sourcecode.swift; path = SceneDelegate.swift; sourceTree = "<group>"; };
		A1C47556261D73E3004BC389 /* ViewController.swift */ = {isa = PBXFileReference; lastKnownFileType = sourcecode.swift; path = ViewController.swift; sourceTree = "<group>"; };
		A1C47559261D73E3004BC389 /* Base */ = {isa = PBXFileReference; lastKnownFileType = file.storyboard; name = Base; path = Base.lproj/Main.storyboard; sourceTree = "<group>"; };
		A1C4755B261D73E5004BC389 /* Assets.xcassets */ = {isa = PBXFileReference; lastKnownFileType = folder.assetcatalog; path = Assets.xcassets; sourceTree = "<group>"; };
		A1C4755E261D73E5004BC389 /* Base */ = {isa = PBXFileReference; lastKnownFileType = file.storyboard; name = Base; path = Base.lproj/LaunchScreen.storyboard; sourceTree = "<group>"; };
		A1C47560261D73E5004BC389 /* Info.plist */ = {isa = PBXFileReference; lastKnownFileType = text.plist.xml; path = Info.plist; sourceTree = "<group>"; };
		A1C4756D261D7D8F004BC389 /* Weather.swift */ = {isa = PBXFileReference; lastKnownFileType = sourcecode.swift; path = Weather.swift; sourceTree = "<group>"; };
		A1DC6D78261D871D00EC34E0 /* FetchWeatherError.swift */ = {isa = PBXFileReference; lastKnownFileType = sourcecode.swift; path = FetchWeatherError.swift; sourceTree = "<group>"; };
/* End PBXFileReference section */

/* Begin PBXFrameworksBuildPhase section */
		A1C4754C261D73E3004BC389 /* Frameworks */ = {
			isa = PBXFrameworksBuildPhase;
			buildActionMask = 2147483647;
			files = (
				A1C47569261D742D004BC389 /* YumemiWeather in Frameworks */,
			);
			runOnlyForDeploymentPostprocessing = 0;
		};
/* End PBXFrameworksBuildPhase section */

/* Begin PBXGroup section */
		A1C47546261D73E3004BC389 = {
			isa = PBXGroup;
			children = (
				A1C47551261D73E3004BC389 /* yumemi_iOS_kensyu */,
				A1C47550261D73E3004BC389 /* Products */,
			);
			sourceTree = "<group>";
		};
		A1C47550261D73E3004BC389 /* Products */ = {
			isa = PBXGroup;
			children = (
				A1C4754F261D73E3004BC389 /* yumemi_iOS_kensyu.app */,
			);
			name = Products;
			sourceTree = "<group>";
		};
		A1C47551261D73E3004BC389 /* yumemi_iOS_kensyu */ = {
			isa = PBXGroup;
			children = (
				A1C47552261D73E3004BC389 /* AppDelegate.swift */,
				A1C47554261D73E3004BC389 /* SceneDelegate.swift */,
				A1C4756B261D7D73004BC389 /* ViewControllers */,
				A1C4756C261D7D80004BC389 /* Models */,
				A1DC6D77261D870500EC34E0 /* Error */,
				A1C47558261D73E3004BC389 /* Main.storyboard */,
				A1C4755B261D73E5004BC389 /* Assets.xcassets */,
				A1C4755D261D73E5004BC389 /* LaunchScreen.storyboard */,
				A1C47560261D73E5004BC389 /* Info.plist */,
			);
			path = yumemi_iOS_kensyu;
			sourceTree = "<group>";
		};
		A1C4756B261D7D73004BC389 /* ViewControllers */ = {
			isa = PBXGroup;
			children = (
				A1C47556261D73E3004BC389 /* ViewController.swift */,
			);
			path = ViewControllers;
			sourceTree = "<group>";
		};
		A1C4756C261D7D80004BC389 /* Models */ = {
			isa = PBXGroup;
			children = (
				A1C4756D261D7D8F004BC389 /* Weather.swift */,
			);
			path = Models;
			sourceTree = "<group>";
		};
		A1DC6D77261D870500EC34E0 /* Error */ = {
			isa = PBXGroup;
			children = (
				A1DC6D78261D871D00EC34E0 /* FetchWeatherError.swift */,
			);
			path = Error;
			sourceTree = "<group>";
		};
/* End PBXGroup section */

/* Begin PBXNativeTarget section */
		A1C4754E261D73E3004BC389 /* yumemi_iOS_kensyu */ = {
			isa = PBXNativeTarget;
			buildConfigurationList = A1C47563261D73E5004BC389 /* Build configuration list for PBXNativeTarget "yumemi_iOS_kensyu" */;
			buildPhases = (
				A1C4754B261D73E3004BC389 /* Sources */,
				A1C4754C261D73E3004BC389 /* Frameworks */,
				A1C4754D261D73E3004BC389 /* Resources */,
			);
			buildRules = (
			);
			dependencies = (
			);
			name = yumemi_iOS_kensyu;
			packageProductDependencies = (
				A1C47568261D742D004BC389 /* YumemiWeather */,
			);
			productName = yumemi_iOS_kensyu;
			productReference = A1C4754F261D73E3004BC389 /* yumemi_iOS_kensyu.app */;
			productType = "com.apple.product-type.application";
		};
/* End PBXNativeTarget section */

/* Begin PBXProject section */
		A1C47547261D73E3004BC389 /* Project object */ = {
			isa = PBXProject;
			attributes = {
				LastSwiftUpdateCheck = 1220;
				LastUpgradeCheck = 1220;
				TargetAttributes = {
					A1C4754E261D73E3004BC389 = {
						CreatedOnToolsVersion = 12.2;
					};
				};
			};
			buildConfigurationList = A1C4754A261D73E3004BC389 /* Build configuration list for PBXProject "yumemi_iOS_kensyu" */;
			compatibilityVersion = "Xcode 9.3";
			developmentRegion = en;
			hasScannedForEncodings = 0;
			knownRegions = (
				en,
				Base,
			);
			mainGroup = A1C47546261D73E3004BC389;
			packageReferences = (
				A1C47567261D742D004BC389 /* XCRemoteSwiftPackageReference "ios-training" */,
			);
			productRefGroup = A1C47550261D73E3004BC389 /* Products */;
			projectDirPath = "";
			projectRoot = "";
			targets = (
				A1C4754E261D73E3004BC389 /* yumemi_iOS_kensyu */,
			);
		};
/* End PBXProject section */

/* Begin PBXResourcesBuildPhase section */
		A1C4754D261D73E3004BC389 /* Resources */ = {
			isa = PBXResourcesBuildPhase;
			buildActionMask = 2147483647;
			files = (
				A1C4755F261D73E5004BC389 /* LaunchScreen.storyboard in Resources */,
				A1C4755C261D73E5004BC389 /* Assets.xcassets in Resources */,
				A1C4755A261D73E3004BC389 /* Main.storyboard in Resources */,
			);
			runOnlyForDeploymentPostprocessing = 0;
		};
/* End PBXResourcesBuildPhase section */

/* Begin PBXSourcesBuildPhase section */
		A1C4754B261D73E3004BC389 /* Sources */ = {
			isa = PBXSourcesBuildPhase;
			buildActionMask = 2147483647;
			files = (
				A1C4756E261D7D8F004BC389 /* Weather.swift in Sources */,
				A1DC6D79261D871D00EC34E0 /* FetchWeatherError.swift in Sources */,
				A1C47557261D73E3004BC389 /* ViewController.swift in Sources */,
				A1C47553261D73E3004BC389 /* AppDelegate.swift in Sources */,
				A1C47555261D73E3004BC389 /* SceneDelegate.swift in Sources */,
			);
			runOnlyForDeploymentPostprocessing = 0;
		};
/* End PBXSourcesBuildPhase section */

/* Begin PBXVariantGroup section */
		A1C47558261D73E3004BC389 /* Main.storyboard */ = {
			isa = PBXVariantGroup;
			children = (
				A1C47559261D73E3004BC389 /* Base */,
			);
			name = Main.storyboard;
			sourceTree = "<group>";
		};
		A1C4755D261D73E5004BC389 /* LaunchScreen.storyboard */ = {
			isa = PBXVariantGroup;
			children = (
				A1C4755E261D73E5004BC389 /* Base */,
			);
			name = LaunchScreen.storyboard;
			sourceTree = "<group>";
		};
/* End PBXVariantGroup section */

/* Begin XCBuildConfiguration section */
		A1C47561261D73E5004BC389 /* Debug */ = {
			isa = XCBuildConfiguration;
			buildSettings = {
				ALWAYS_SEARCH_USER_PATHS = NO;
				CLANG_ANALYZER_NONNULL = YES;
				CLANG_ANALYZER_NUMBER_OBJECT_CONVERSION = YES_AGGRESSIVE;
				CLANG_CXX_LANGUAGE_STANDARD = "gnu++14";
				CLANG_CXX_LIBRARY = "libc++";
				CLANG_ENABLE_MODULES = YES;
				CLANG_ENABLE_OBJC_ARC = YES;
				CLANG_ENABLE_OBJC_WEAK = YES;
				CLANG_WARN_BLOCK_CAPTURE_AUTORELEASING = YES;
				CLANG_WARN_BOOL_CONVERSION = YES;
				CLANG_WARN_COMMA = YES;
				CLANG_WARN_CONSTANT_CONVERSION = YES;
				CLANG_WARN_DEPRECATED_OBJC_IMPLEMENTATIONS = YES;
				CLANG_WARN_DIRECT_OBJC_ISA_USAGE = YES_ERROR;
				CLANG_WARN_DOCUMENTATION_COMMENTS = YES;
				CLANG_WARN_EMPTY_BODY = YES;
				CLANG_WARN_ENUM_CONVERSION = YES;
				CLANG_WARN_INFINITE_RECURSION = YES;
				CLANG_WARN_INT_CONVERSION = YES;
				CLANG_WARN_NON_LITERAL_NULL_CONVERSION = YES;
				CLANG_WARN_OBJC_IMPLICIT_RETAIN_SELF = YES;
				CLANG_WARN_OBJC_LITERAL_CONVERSION = YES;
				CLANG_WARN_OBJC_ROOT_CLASS = YES_ERROR;
				CLANG_WARN_QUOTED_INCLUDE_IN_FRAMEWORK_HEADER = YES;
				CLANG_WARN_RANGE_LOOP_ANALYSIS = YES;
				CLANG_WARN_STRICT_PROTOTYPES = YES;
				CLANG_WARN_SUSPICIOUS_MOVE = YES;
				CLANG_WARN_UNGUARDED_AVAILABILITY = YES_AGGRESSIVE;
				CLANG_WARN_UNREACHABLE_CODE = YES;
				CLANG_WARN__DUPLICATE_METHOD_MATCH = YES;
				COPY_PHASE_STRIP = NO;
				DEBUG_INFORMATION_FORMAT = dwarf;
				ENABLE_STRICT_OBJC_MSGSEND = YES;
				ENABLE_TESTABILITY = YES;
				GCC_C_LANGUAGE_STANDARD = gnu11;
				GCC_DYNAMIC_NO_PIC = NO;
				GCC_NO_COMMON_BLOCKS = YES;
				GCC_OPTIMIZATION_LEVEL = 0;
				GCC_PREPROCESSOR_DEFINITIONS = (
					"DEBUG=1",
					"$(inherited)",
				);
				GCC_WARN_64_TO_32_BIT_CONVERSION = YES;
				GCC_WARN_ABOUT_RETURN_TYPE = YES_ERROR;
				GCC_WARN_UNDECLARED_SELECTOR = YES;
				GCC_WARN_UNINITIALIZED_AUTOS = YES_AGGRESSIVE;
				GCC_WARN_UNUSED_FUNCTION = YES;
				GCC_WARN_UNUSED_VARIABLE = YES;
				IPHONEOS_DEPLOYMENT_TARGET = 14.2;
				MTL_ENABLE_DEBUG_INFO = INCLUDE_SOURCE;
				MTL_FAST_MATH = YES;
				ONLY_ACTIVE_ARCH = YES;
				SDKROOT = iphoneos;
				SWIFT_ACTIVE_COMPILATION_CONDITIONS = DEBUG;
				SWIFT_OPTIMIZATION_LEVEL = "-Onone";
			};
			name = Debug;
		};
		A1C47562261D73E5004BC389 /* Release */ = {
			isa = XCBuildConfiguration;
			buildSettings = {
				ALWAYS_SEARCH_USER_PATHS = NO;
				CLANG_ANALYZER_NONNULL = YES;
				CLANG_ANALYZER_NUMBER_OBJECT_CONVERSION = YES_AGGRESSIVE;
				CLANG_CXX_LANGUAGE_STANDARD = "gnu++14";
				CLANG_CXX_LIBRARY = "libc++";
				CLANG_ENABLE_MODULES = YES;
				CLANG_ENABLE_OBJC_ARC = YES;
				CLANG_ENABLE_OBJC_WEAK = YES;
				CLANG_WARN_BLOCK_CAPTURE_AUTORELEASING = YES;
				CLANG_WARN_BOOL_CONVERSION = YES;
				CLANG_WARN_COMMA = YES;
				CLANG_WARN_CONSTANT_CONVERSION = YES;
				CLANG_WARN_DEPRECATED_OBJC_IMPLEMENTATIONS = YES;
				CLANG_WARN_DIRECT_OBJC_ISA_USAGE = YES_ERROR;
				CLANG_WARN_DOCUMENTATION_COMMENTS = YES;
				CLANG_WARN_EMPTY_BODY = YES;
				CLANG_WARN_ENUM_CONVERSION = YES;
				CLANG_WARN_INFINITE_RECURSION = YES;
				CLANG_WARN_INT_CONVERSION = YES;
				CLANG_WARN_NON_LITERAL_NULL_CONVERSION = YES;
				CLANG_WARN_OBJC_IMPLICIT_RETAIN_SELF = YES;
				CLANG_WARN_OBJC_LITERAL_CONVERSION = YES;
				CLANG_WARN_OBJC_ROOT_CLASS = YES_ERROR;
				CLANG_WARN_QUOTED_INCLUDE_IN_FRAMEWORK_HEADER = YES;
				CLANG_WARN_RANGE_LOOP_ANALYSIS = YES;
				CLANG_WARN_STRICT_PROTOTYPES = YES;
				CLANG_WARN_SUSPICIOUS_MOVE = YES;
				CLANG_WARN_UNGUARDED_AVAILABILITY = YES_AGGRESSIVE;
				CLANG_WARN_UNREACHABLE_CODE = YES;
				CLANG_WARN__DUPLICATE_METHOD_MATCH = YES;
				COPY_PHASE_STRIP = NO;
				DEBUG_INFORMATION_FORMAT = "dwarf-with-dsym";
				ENABLE_NS_ASSERTIONS = NO;
				ENABLE_STRICT_OBJC_MSGSEND = YES;
				GCC_C_LANGUAGE_STANDARD = gnu11;
				GCC_NO_COMMON_BLOCKS = YES;
				GCC_WARN_64_TO_32_BIT_CONVERSION = YES;
				GCC_WARN_ABOUT_RETURN_TYPE = YES_ERROR;
				GCC_WARN_UNDECLARED_SELECTOR = YES;
				GCC_WARN_UNINITIALIZED_AUTOS = YES_AGGRESSIVE;
				GCC_WARN_UNUSED_FUNCTION = YES;
				GCC_WARN_UNUSED_VARIABLE = YES;
				IPHONEOS_DEPLOYMENT_TARGET = 14.2;
				MTL_ENABLE_DEBUG_INFO = NO;
				MTL_FAST_MATH = YES;
				SDKROOT = iphoneos;
				SWIFT_COMPILATION_MODE = wholemodule;
				SWIFT_OPTIMIZATION_LEVEL = "-O";
				VALIDATE_PRODUCT = YES;
			};
			name = Release;
		};
		A1C47564261D73E5004BC389 /* Debug */ = {
			isa = XCBuildConfiguration;
			buildSettings = {
				ASSETCATALOG_COMPILER_APPICON_NAME = AppIcon;
				ASSETCATALOG_COMPILER_GLOBAL_ACCENT_COLOR_NAME = AccentColor;
				CODE_SIGN_STYLE = Automatic;
				DEVELOPMENT_TEAM = CYWJ8XR6PA;
				INFOPLIST_FILE = yumemi_iOS_kensyu/Info.plist;
				LD_RUNPATH_SEARCH_PATHS = (
					"$(inherited)",
					"@executable_path/Frameworks",
				);
				PRODUCT_BUNDLE_IDENTIFIER = "jp.takatoshi.ichige.yumemi-iOS-kensyu";
				PRODUCT_NAME = "$(TARGET_NAME)";
				SWIFT_VERSION = 5.0;
				TARGETED_DEVICE_FAMILY = "1,2";
			};
			name = Debug;
		};
		A1C47565261D73E5004BC389 /* Release */ = {
			isa = XCBuildConfiguration;
			buildSettings = {
				ASSETCATALOG_COMPILER_APPICON_NAME = AppIcon;
				ASSETCATALOG_COMPILER_GLOBAL_ACCENT_COLOR_NAME = AccentColor;
				CODE_SIGN_STYLE = Automatic;
				DEVELOPMENT_TEAM = CYWJ8XR6PA;
				INFOPLIST_FILE = yumemi_iOS_kensyu/Info.plist;
				LD_RUNPATH_SEARCH_PATHS = (
					"$(inherited)",
					"@executable_path/Frameworks",
				);
				PRODUCT_BUNDLE_IDENTIFIER = "jp.takatoshi.ichige.yumemi-iOS-kensyu";
				PRODUCT_NAME = "$(TARGET_NAME)";
				SWIFT_VERSION = 5.0;
				TARGETED_DEVICE_FAMILY = "1,2";
			};
			name = Release;
		};
/* End XCBuildConfiguration section */

/* Begin XCConfigurationList section */
		A1C4754A261D73E3004BC389 /* Build configuration list for PBXProject "yumemi_iOS_kensyu" */ = {
			isa = XCConfigurationList;
			buildConfigurations = (
				A1C47561261D73E5004BC389 /* Debug */,
				A1C47562261D73E5004BC389 /* Release */,
			);
			defaultConfigurationIsVisible = 0;
			defaultConfigurationName = Release;
		};
		A1C47563261D73E5004BC389 /* Build configuration list for PBXNativeTarget "yumemi_iOS_kensyu" */ = {
			isa = XCConfigurationList;
			buildConfigurations = (
				A1C47564261D73E5004BC389 /* Debug */,
				A1C47565261D73E5004BC389 /* Release */,
			);
			defaultConfigurationIsVisible = 0;
			defaultConfigurationName = Release;
		};
/* End XCConfigurationList section */

/* Begin XCRemoteSwiftPackageReference section */
		A1C47567261D742D004BC389 /* XCRemoteSwiftPackageReference "ios-training" */ = {
			isa = XCRemoteSwiftPackageReference;
			repositoryURL = "https://github.com/yumemi-inc/ios-training.git";
			requirement = {
				kind = upToNextMajorVersion;
				minimumVersion = 1.0.3;
			};
		};
/* End XCRemoteSwiftPackageReference section */

/* Begin XCSwiftPackageProductDependency section */
		A1C47568261D742D004BC389 /* YumemiWeather */ = {
			isa = XCSwiftPackageProductDependency;
			package = A1C47567261D742D004BC389 /* XCRemoteSwiftPackageReference "ios-training" */;
			productName = YumemiWeather;
		};
/* End XCSwiftPackageProductDependency section */
	};
	rootObject = A1C47547261D73E3004BC389 /* Project object */;
}
